// !$*UTF8*$!
{
	archiveVersion = 1;
	classes = {
	};
	objectVersion = 46;
	objects = {

/* Begin PBXBuildFile section */
		19B863411B5B88C10038AF26 /* main.m in Sources */ = {isa = PBXBuildFile; fileRef = 19B863401B5B88C10038AF26 /* main.m */; };
		19B863441B5B88C10038AF26 /* AppDelegate.m in Sources */ = {isa = PBXBuildFile; fileRef = 19B863431B5B88C10038AF26 /* AppDelegate.m */; };
		19B863471B5B88C10038AF26 /* ViewController.m in Sources */ = {isa = PBXBuildFile; fileRef = 19B863461B5B88C10038AF26 /* ViewController.m */; };
		19B8634A1B5B88C10038AF26 /* Main.storyboard in Resources */ = {isa = PBXBuildFile; fileRef = 19B863481B5B88C10038AF26 /* Main.storyboard */; };
		19B8634C1B5B88C10038AF26 /* Images.xcassets in Resources */ = {isa = PBXBuildFile; fileRef = 19B8634B1B5B88C10038AF26 /* Images.xcassets */; };
		19B8634F1B5B88C10038AF26 /* LaunchScreen.xib in Resources */ = {isa = PBXBuildFile; fileRef = 19B8634D1B5B88C10038AF26 /* LaunchScreen.xib */; };
		19B8635B1B5B88C20038AF26 /* WGradientProgressDemoTests.m in Sources */ = {isa = PBXBuildFile; fileRef = 19B8635A1B5B88C20038AF26 /* WGradientProgressDemoTests.m */; };
		19B863671B5B892B0038AF26 /* WGradientProgress.m in Sources */ = {isa = PBXBuildFile; fileRef = 19B863661B5B892B0038AF26 /* WGradientProgress.m */; };
		19B8636A1B5B92FA0038AF26 /* UIView+Frame.m in Sources */ = {isa = PBXBuildFile; fileRef = 19B863691B5B92FA0038AF26 /* UIView+Frame.m */; };
/* End PBXBuildFile section */

/* Begin PBXContainerItemProxy section */
		19B863551B5B88C10038AF26 /* PBXContainerItemProxy */ = {
			isa = PBXContainerItemProxy;
			containerPortal = 19B863331B5B88C10038AF26 /* Project object */;
			proxyType = 1;
			remoteGlobalIDString = 19B8633A1B5B88C10038AF26;
			remoteInfo = WGradientProgressDemo;
		};
/* End PBXContainerItemProxy section */

/* Begin PBXFileReference section */
		19B8633B1B5B88C10038AF26 /* WGradientProgressDemo.app */ = {isa = PBXFileReference; explicitFileType = wrapper.application; includeInIndex = 0; path = WGradientProgressDemo.app; sourceTree = BUILT_PRODUCTS_DIR; };
		19B8633F1B5B88C10038AF26 /* Info.plist */ = {isa = PBXFileReference; lastKnownFileType = text.plist.xml; path = Info.plist; sourceTree = "<group>"; };
		19B863401B5B88C10038AF26 /* main.m */ = {isa = PBXFileReference; lastKnownFileType = sourcecode.c.objc; path = main.m; sourceTree = "<group>"; };
		19B863421B5B88C10038AF26 /* AppDelegate.h */ = {isa = PBXFileReference; lastKnownFileType = sourcecode.c.h; path = AppDelegate.h; sourceTree = "<group>"; };
		19B863431B5B88C10038AF26 /* AppDelegate.m */ = {isa = PBXFileReference; lastKnownFileType = sourcecode.c.objc; path = AppDelegate.m; sourceTree = "<group>"; };
		19B863451B5B88C10038AF26 /* ViewController.h */ = {isa = PBXFileReference; lastKnownFileType = sourcecode.c.h; path = ViewController.h; sourceTree = "<group>"; };
		19B863461B5B88C10038AF26 /* ViewController.m */ = {isa = PBXFileReference; lastKnownFileType = sourcecode.c.objc; path = ViewController.m; sourceTree = "<group>"; };
		19B863491B5B88C10038AF26 /* Base */ = {isa = PBXFileReference; lastKnownFileType = file.storyboard; name = Base; path = Base.lproj/Main.storyboard; sourceTree = "<group>"; };
		19B8634B1B5B88C10038AF26 /* Images.xcassets */ = {isa = PBXFileReference; lastKnownFileType = folder.assetcatalog; path = Images.xcassets; sourceTree = "<group>"; };
		19B8634E1B5B88C10038AF26 /* Base */ = {isa = PBXFileReference; lastKnownFileType = file.xib; name = Base; path = Base.lproj/LaunchScreen.xib; sourceTree = "<group>"; };
		19B863541B5B88C10038AF26 /* WGradientProgressDemoTests.xctest */ = {isa = PBXFileReference; explicitFileType = wrapper.cfbundle; includeInIndex = 0; path = WGradientProgressDemoTests.xctest; sourceTree = BUILT_PRODUCTS_DIR; };
		19B863591B5B88C20038AF26 /* Info.plist */ = {isa = PBXFileReference; lastKnownFileType = text.plist.xml; path = Info.plist; sourceTree = "<group>"; };
		19B8635A1B5B88C20038AF26 /* WGradientProgressDemoTests.m */ = {isa = PBXFileReference; lastKnownFileType = sourcecode.c.objc; path = WGradientProgressDemoTests.m; sourceTree = "<group>"; };
		19B863651B5B892B0038AF26 /* WGradientProgress.h */ = {isa = PBXFileReference; fileEncoding = 4; lastKnownFileType = sourcecode.c.h; path = WGradientProgress.h; sourceTree = "<group>"; };
		19B863661B5B892B0038AF26 /* WGradientProgress.m */ = {isa = PBXFileReference; fileEncoding = 4; lastKnownFileType = sourcecode.c.objc; path = WGradientProgress.m; sourceTree = "<group>"; };
		19B863681B5B92FA0038AF26 /* UIView+Frame.h */ = {isa = PBXFileReference; fileEncoding = 4; lastKnownFileType = sourcecode.c.h; path = "UIView+Frame.h"; sourceTree = "<group>"; };
		19B863691B5B92FA0038AF26 /* UIView+Frame.m */ = {isa = PBXFileReference; fileEncoding = 4; lastKnownFileType = sourcecode.c.objc; path = "UIView+Frame.m"; sourceTree = "<group>"; };
/* End PBXFileReference section */

/* Begin PBXFrameworksBuildPhase section */
		19B863381B5B88C10038AF26 /* Frameworks */ = {
			isa = PBXFrameworksBuildPhase;
			buildActionMask = 2147483647;
			files = (
			);
			runOnlyForDeploymentPostprocessing = 0;
		};
		19B863511B5B88C10038AF26 /* Frameworks */ = {
			isa = PBXFrameworksBuildPhase;
			buildActionMask = 2147483647;
			files = (
			);
			runOnlyForDeploymentPostprocessing = 0;
		};
/* End PBXFrameworksBuildPhase section */

/* Begin PBXGroup section */
		19B863321B5B88C10038AF26 = {
			isa = PBXGroup;
			children = (
				19B8633D1B5B88C10038AF26 /* WGradientProgressDemo */,
				19B863571B5B88C10038AF26 /* WGradientProgressDemoTests */,
				19B8633C1B5B88C10038AF26 /* Products */,
			);
			sourceTree = "<group>";
		};
		19B8633C1B5B88C10038AF26 /* Products */ = {
			isa = PBXGroup;
			children = (
				19B8633B1B5B88C10038AF26 /* WGradientProgressDemo.app */,
				19B863541B5B88C10038AF26 /* WGradientProgressDemoTests.xctest */,
			);
			name = Products;
			sourceTree = "<group>";
		};
		19B8633D1B5B88C10038AF26 /* WGradientProgressDemo */ = {
			isa = PBXGroup;
			children = (
				19B863641B5B88E90038AF26 /* WGradientProgress */,
				19B863421B5B88C10038AF26 /* AppDelegate.h */,
				19B863431B5B88C10038AF26 /* AppDelegate.m */,
				19B863451B5B88C10038AF26 /* ViewController.h */,
				19B863461B5B88C10038AF26 /* ViewController.m */,
				19B863481B5B88C10038AF26 /* Main.storyboard */,
				19B8634B1B5B88C10038AF26 /* Images.xcassets */,
				19B8634D1B5B88C10038AF26 /* LaunchScreen.xib */,
				19B8633E1B5B88C10038AF26 /* Supporting Files */,
			);
			path = WGradientProgressDemo;
			sourceTree = "<group>";
		};
		19B8633E1B5B88C10038AF26 /* Supporting Files */ = {
			isa = PBXGroup;
			children = (
				19B8633F1B5B88C10038AF26 /* Info.plist */,
				19B863401B5B88C10038AF26 /* main.m */,
			);
			name = "Supporting Files";
			sourceTree = "<group>";
		};
		19B863571B5B88C10038AF26 /* WGradientProgressDemoTests */ = {
			isa = PBXGroup;
			children = (
				19B8635A1B5B88C20038AF26 /* WGradientProgressDemoTests.m */,
				19B863581B5B88C20038AF26 /* Supporting Files */,
			);
			path = WGradientProgressDemoTests;
			sourceTree = "<group>";
		};
		19B863581B5B88C20038AF26 /* Supporting Files */ = {
			isa = PBXGroup;
			children = (
				19B863591B5B88C20038AF26 /* Info.plist */,
			);
			name = "Supporting Files";
			sourceTree = "<group>";
		};
		19B863641B5B88E90038AF26 /* WGradientProgress */ = {
			isa = PBXGroup;
			children = (
				19B863681B5B92FA0038AF26 /* UIView+Frame.h */,
				19B863691B5B92FA0038AF26 /* UIView+Frame.m */,
				19B863651B5B892B0038AF26 /* WGradientProgress.h */,
				19B863661B5B892B0038AF26 /* WGradientProgress.m */,
			);
			path = WGradientProgress;
			sourceTree = SOURCE_ROOT;
		};
/* End PBXGroup section */

/* Begin PBXNativeTarget section */
		19B8633A1B5B88C10038AF26 /* WGradientProgressDemo */ = {
			isa = PBXNativeTarget;
			buildConfigurationList = 19B8635E1B5B88C20038AF26 /* Build configuration list for PBXNativeTarget "WGradientProgressDemo" */;
			buildPhases = (
				19B863371B5B88C10038AF26 /* Sources */,
				19B863381B5B88C10038AF26 /* Frameworks */,
				19B863391B5B88C10038AF26 /* Resources */,
			);
			buildRules = (
			);
			dependencies = (
			);
			name = WGradientProgressDemo;
			productName = WGradientProgressDemo;
			productReference = 19B8633B1B5B88C10038AF26 /* WGradientProgressDemo.app */;
			productType = "com.apple.product-type.application";
		};
		19B863531B5B88C10038AF26 /* WGradientProgressDemoTests */ = {
			isa = PBXNativeTarget;
			buildConfigurationList = 19B863611B5B88C20038AF26 /* Build configuration list for PBXNativeTarget "WGradientProgressDemoTests" */;
			buildPhases = (
				19B863501B5B88C10038AF26 /* Sources */,
				19B863511B5B88C10038AF26 /* Frameworks */,
				19B863521B5B88C10038AF26 /* Resources */,
			);
			buildRules = (
			);
			dependencies = (
				19B863561B5B88C10038AF26 /* PBXTargetDependency */,
			);
			name = WGradientProgressDemoTests;
			productName = WGradientProgressDemoTests;
			productReference = 19B863541B5B88C10038AF26 /* WGradientProgressDemoTests.xctest */;
			productType = "com.apple.product-type.bundle.unit-test";
		};
/* End PBXNativeTarget section */

/* Begin PBXProject section */
		19B863331B5B88C10038AF26 /* Project object */ = {
			isa = PBXProject;
			attributes = {
				LastUpgradeCheck = 0630;
				ORGANIZATIONNAME = "Weng-Zilin";
				TargetAttributes = {
					19B8633A1B5B88C10038AF26 = {
						CreatedOnToolsVersion = 6.3;
					};
					19B863531B5B88C10038AF26 = {
						CreatedOnToolsVersion = 6.3;
						TestTargetID = 19B8633A1B5B88C10038AF26;
					};
				};
			};
			buildConfigurationList = 19B863361B5B88C10038AF26 /* Build configuration list for PBXProject "WGradientProgressDemo" */;
			compatibilityVersion = "Xcode 3.2";
			developmentRegion = English;
			hasScannedForEncodings = 0;
			knownRegions = (
				en,
				Base,
			);
			mainGroup = 19B863321B5B88C10038AF26;
			productRefGroup = 19B8633C1B5B88C10038AF26 /* Products */;
			projectDirPath = "";
			projectRoot = "";
			targets = (
				19B8633A1B5B88C10038AF26 /* WGradientProgressDemo */,
				19B863531B5B88C10038AF26 /* WGradientProgressDemoTests */,
			);
		};
/* End PBXProject section */

/* Begin PBXResourcesBuildPhase section */
		19B863391B5B88C10038AF26 /* Resources */ = {
			isa = PBXResourcesBuildPhase;
			buildActionMask = 2147483647;
			files = (
				19B8634A1B5B88C10038AF26 /* Main.storyboard in Resources */,
				19B8634F1B5B88C10038AF26 /* LaunchScreen.xib in Resources */,
				19B8634C1B5B88C10038AF26 /* Images.xcassets in Resources */,
			);
			runOnlyForDeploymentPostprocessing = 0;
		};
		19B863521B5B88C10038AF26 /* Resources */ = {
			isa = PBXResourcesBuildPhase;
			buildActionMask = 2147483647;
			files = (
			);
			runOnlyForDeploymentPostprocessing = 0;
		};
/* End PBXResourcesBuildPhase section */

/* Begin PBXSourcesBuildPhase section */
		19B863371B5B88C10038AF26 /* Sources */ = {
			isa = PBXSourcesBuildPhase;
			buildActionMask = 2147483647;
			files = (
				19B863671B5B892B0038AF26 /* WGradientProgress.m in Sources */,
				19B863471B5B88C10038AF26 /* ViewController.m in Sources */,
				19B863441B5B88C10038AF26 /* AppDelegate.m in Sources */,
				19B8636A1B5B92FA0038AF26 /* UIView+Frame.m in Sources */,
				19B863411B5B88C10038AF26 /* main.m in Sources */,
			);
			runOnlyForDeploymentPostprocessing = 0;
		};
		19B863501B5B88C10038AF26 /* Sources */ = {
			isa = PBXSourcesBuildPhase;
			buildActionMask = 2147483647;
			files = (
				19B8635B1B5B88C20038AF26 /* WGradientProgressDemoTests.m in Sources */,
			);
			runOnlyForDeploymentPostprocessing = 0;
		};
/* End PBXSourcesBuildPhase section */

/* Begin PBXTargetDependency section */
		19B863561B5B88C10038AF26 /* PBXTargetDependency */ = {
			isa = PBXTargetDependency;
			target = 19B8633A1B5B88C10038AF26 /* WGradientProgressDemo */;
			targetProxy = 19B863551B5B88C10038AF26 /* PBXContainerItemProxy */;
		};
/* End PBXTargetDependency section */

/* Begin PBXVariantGroup section */
		19B863481B5B88C10038AF26 /* Main.storyboard */ = {
			isa = PBXVariantGroup;
			children = (
				19B863491B5B88C10038AF26 /* Base */,
			);
			name = Main.storyboard;
			sourceTree = "<group>";
		};
		19B8634D1B5B88C10038AF26 /* LaunchScreen.xib */ = {
			isa = PBXVariantGroup;
			children = (
				19B8634E1B5B88C10038AF26 /* Base */,
			);
			name = LaunchScreen.xib;
			sourceTree = "<group>";
		};
/* End PBXVariantGroup section */

/* Begin XCBuildConfiguration section */
		19B8635C1B5B88C20038AF26 /* Debug */ = {
			isa = XCBuildConfiguration;
			buildSettings = {
				ALWAYS_SEARCH_USER_PATHS = NO;
				CLANG_CXX_LANGUAGE_STANDARD = "gnu++0x";
				CLANG_CXX_LIBRARY = "libc++";
				CLANG_ENABLE_MODULES = YES;
				CLANG_ENABLE_OBJC_ARC = YES;
				CLANG_WARN_BOOL_CONVERSION = YES;
				CLANG_WARN_CONSTANT_CONVERSION = YES;
				CLANG_WARN_DIRECT_OBJC_ISA_USAGE = YES_ERROR;
				CLANG_WARN_EMPTY_BODY = YES;
				CLANG_WARN_ENUM_CONVERSION = YES;
				CLANG_WARN_INT_CONVERSION = YES;
				CLANG_WARN_OBJC_ROOT_CLASS = YES_ERROR;
				CLANG_WARN_UNREACHABLE_CODE = YES;
				CLANG_WARN__DUPLICATE_METHOD_MATCH = YES;
				"CODE_SIGN_IDENTITY[sdk=iphoneos*]" = "iPhone Developer";
				COPY_PHASE_STRIP = NO;
				DEBUG_INFORMATION_FORMAT = "dwarf-with-dsym";
				ENABLE_STRICT_OBJC_MSGSEND = YES;
				GCC_C_LANGUAGE_STANDARD = gnu99;
				GCC_DYNAMIC_NO_PIC = NO;
				GCC_NO_COMMON_BLOCKS = YES;
				GCC_OPTIMIZATION_LEVEL = 0;
				GCC_PREPROCESSOR_DEFINITIONS = (
					"DEBUG=1",
					"$(inherited)",
				);
				GCC_SYMBOLS_PRIVATE_EXTERN = NO;
				GCC_WARN_64_TO_32_BIT_CONVERSION = YES;
				GCC_WARN_ABOUT_RETURN_TYPE = YES_ERROR;
				GCC_WARN_UNDECLARED_SELECTOR = YES;
				GCC_WARN_UNINITIALIZED_AUTOS = YES_AGGRESSIVE;
				GCC_WARN_UNUSED_FUNCTION = YES;
				GCC_WARN_UNUSED_VARIABLE = YES;
				IPHONEOS_DEPLOYMENT_TARGET = 8.3;
				MTL_ENABLE_DEBUG_INFO = YES;
				ONLY_ACTIVE_ARCH = YES;
				SDKROOT = iphoneos;
			};
			name = Debug;
		};
		19B8635D1B5B88C20038AF26 /* Release */ = {
			isa = XCBuildConfiguration;
			buildSettings = {
				ALWAYS_SEARCH_USER_PATHS = NO;
				CLANG_CXX_LANGUAGE_STANDARD = "gnu++0x";
				CLANG_CXX_LIBRARY = "libc++";
				CLANG_ENABLE_MODULES = YES;
				CLANG_ENABLE_OBJC_ARC = YES;
				CLANG_WARN_BOOL_CONVERSION = YES;
				CLANG_WARN_CONSTANT_CONVERSION = YES;
				CLANG_WARN_DIRECT_OBJC_ISA_USAGE = YES_ERROR;
				CLANG_WARN_EMPTY_BODY = YES;
				CLANG_WARN_ENUM_CONVERSION = YES;
				CLANG_WARN_INT_CONVERSION = YES;
				CLANG_WARN_OBJC_ROOT_CLASS = YES_ERROR;
				CLANG_WARN_UNREACHABLE_CODE = YES;
				CLANG_WARN__DUPLICATE_METHOD_MATCH = YES;
				"CODE_SIGN_IDENTITY[sdk=iphoneos*]" = "iPhone Developer";
				COPY_PHASE_STRIP = NO;
				DEBUG_INFORMATION_FORMAT = "dwarf-with-dsym";
				ENABLE_NS_ASSERTIONS = NO;
				ENABLE_STRICT_OBJC_MSGSEND = YES;
				GCC_C_LANGUAGE_STANDARD = gnu99;
				GCC_NO_COMMON_BLOCKS = YES;
				GCC_WARN_64_TO_32_BIT_CONVERSION = YES;
				GCC_WARN_ABOUT_RETURN_TYPE = YES_ERROR;
				GCC_WARN_UNDECLARED_SELECTOR = YES;
				GCC_WARN_UNINITIALIZED_AUTOS = YES_AGGRESSIVE;
				GCC_WARN_UNUSED_FUNCTION = YES;
				GCC_WARN_UNUSED_VARIABLE = YES;
				IPHONEOS_DEPLOYMENT_TARGET = 8.3;
				MTL_ENABLE_DEBUG_INFO = NO;
				SDKROOT = iphoneos;
				VALIDATE_PRODUCT = YES;
			};
			name = Release;
		};
		19B8635F1B5B88C20038AF26 /* Debug */ = {
			isa = XCBuildConfiguration;
			buildSettings = {
				ASSETCATALOG_COMPILER_APPICON_NAME = AppIcon;
				INFOPLIST_FILE = WGradientProgressDemo/Info.plist;
				LD_RUNPATH_SEARCH_PATHS = "$(inherited) @executable_path/Frameworks";
				PRODUCT_NAME = "$(TARGET_NAME)";
			};
			name = Debug;
		};
		19B863601B5B88C20038AF26 /* Release */ = {
			isa = XCBuildConfiguration;
			buildSettings = {
				ASSETCATALOG_COMPILER_APPICON_NAME = AppIcon;
				INFOPLIST_FILE = WGradientProgressDemo/Info.plist;
				LD_RUNPATH_SEARCH_PATHS = "$(inherited) @executable_path/Frameworks";
				PRODUCT_NAME = "$(TARGET_NAME)";
			};
			name = Release;
		};
		19B863621B5B88C20038AF26 /* Debug */ = {
			isa = XCBuildConfiguration;
			buildSettings = {
				BUNDLE_LOADER = "$(TEST_HOST)";
				FRAMEWORK_SEARCH_PATHS = (
					"$(SDKROOT)/Developer/Library/Frameworks",
					"$(inherited)",
				);
				GCC_PREPROCESSOR_DEFINITIONS = (
					"DEBUG=1",
					"$(inherited)",
				);
				INFOPLIST_FILE = WGradientProgressDemoTests/Info.plist;
				LD_RUNPATH_SEARCH_PATHS = "$(inherited) @executable_path/Frameworks @loader_path/Frameworks";
				PRODUCT_NAME = "$(TARGET_NAME)";
				TEST_HOST = "$(BUILT_PRODUCTS_DIR)/WGradientProgressDemo.app/WGradientProgressDemo";
			};
			name = Debug;
		};
		19B863631B5B88C20038AF26 /* Release */ = {
			isa = XCBuildConfiguration;
			buildSettings = {
				BUNDLE_LOADER = "$(TEST_HOST)";
				FRAMEWORK_SEARCH_PATHS = (
					"$(SDKROOT)/Developer/Library/Frameworks",
					"$(inherited)",
				);
				INFOPLIST_FILE = WGradientProgressDemoTests/Info.plist;
				LD_RUNPATH_SEARCH_PATHS = "$(inherited) @executable_path/Frameworks @loader_path/Frameworks";
				PRODUCT_NAME = "$(TARGET_NAME)";
				TEST_HOST = "$(BUILT_PRODUCTS_DIR)/WGradientProgressDemo.app/WGradientProgressDemo";
			};
			name = Release;
		};
/* End XCBuildConfiguration section */

/* Begin XCConfigurationList section */
		19B863361B5B88C10038AF26 /* Build configuration list for PBXProject "WGradientProgressDemo" */ = {
			isa = XCConfigurationList;
			buildConfigurations = (
				19B8635C1B5B88C20038AF26 /* Debug */,
				19B8635D1B5B88C20038AF26 /* Release */,
			);
			defaultConfigurationIsVisible = 0;
			defaultConfigurationName = Release;
		};
		19B8635E1B5B88C20038AF26 /* Build configuration list for PBXNativeTarget "WGradientProgressDemo" */ = {
			isa = XCConfigurationList;
			buildConfigurations = (
				19B8635F1B5B88C20038AF26 /* Debug */,
				19B863601B5B88C20038AF26 /* Release */,
			);
			defaultConfigurationIsVisible = 0;
			defaultConfigurationName = Release;
		};
		19B863611B5B88C20038AF26 /* Build configuration list for PBXNativeTarget "WGradientProgressDemoTests" */ = {
			isa = XCConfigurationList;
			buildConfigurations = (
				19B863621B5B88C20038AF26 /* Debug */,
				19B863631B5B88C20038AF26 /* Release */,
			);
			defaultConfigurationIsVisible = 0;
			defaultConfigurationName = Release;
		};
/* End XCConfigurationList section */
	};
	rootObject = 19B863331B5B88C10038AF26 /* Project object */;
}
